{
  "name": "@jc20231028/local-code-agent",
  "version": "0.1.7",
  "lockfileVersion": 3,
  "requires": true,
  "packages": {
    "": {
      "name": "@jc20231028/local-code-agent",
      "version": "0.1.7",
      "hasInstallScript": true,
      "license": "MIT",
      "bin": {
        "local-code": "bin/local-code.js"
      },
      "engines": {
        "node": ">=20.0.0"
      }
    }
  }
}
